
Microsoft Visual Studio Solution File, Format Version 12.00
# Visual Studio Version 17
VisualStudioVersion = 17.0.31903.59
MinimumVisualStudioVersion = 10.0.40219.1
Project("{2150E333-8FDC-42A3-9474-1A3956D46DE8}") = "src", "src", "{B868E027-D5B4-4044-8ED1-65CF79340C74}"
EndProject
Project("{FAE04EC0-301F-11D3-BF4B-00C04F79EFBC}") = "MyBank.API.Tests", "src\MyBank.API.Tests\MyBank.API.Tests.csproj", "{DAFF00CA-D4AD-4594-82AB-B4F3765E3950}"
EndProject
Project("{FAE04EC0-301F-11D3-BF4B-00C04F79EFBC}") = "MyBank.API", "src\MyBank.Api\MyBank.API.csproj", "{77C3D212-5637-4658-81A3-64219BE9AA5E}"
EndProject
Global
	GlobalSection(SolutionConfigurationPlatforms) = preSolution
		Debug|Any CPU = Debug|Any CPU
		Release|Any CPU = Release|Any CPU
	EndGlobalSection
	GlobalSection(SolutionProperties) = preSolution
		HideSolutionNode = FALSE
	EndGlobalSection
	GlobalSection(ProjectConfigurationPlatforms) = postSolution
		{DAFF00CA-D4AD-4594-82AB-B4F3765E3950}.Debug|Any CPU.ActiveCfg = Debug|Any CPU
		{DAFF00CA-D4AD-4594-82AB-B4F3765E3950}.Debug|Any CPU.Build.0 = Debug|Any CPU
		{DAFF00CA-D4AD-4594-82AB-B4F3765E3950}.Release|Any CPU.ActiveCfg = Release|Any CPU
		{DAFF00CA-D4AD-4594-82AB-B4F3765E3950}.Release|Any CPU.Build.0 = Release|Any CPU
		{77C3D212-5637-4658-81A3-64219BE9AA5E}.Debug|Any CPU.ActiveCfg = Debug|Any CPU
		{77C3D212-5637-4658-81A3-64219BE9AA5E}.Debug|Any CPU.Build.0 = Debug|Any CPU
		{77C3D212-5637-4658-81A3-64219BE9AA5E}.Release|Any CPU.ActiveCfg = Release|Any CPU
		{77C3D212-5637-4658-81A3-64219BE9AA5E}.Release|Any CPU.Build.0 = Release|Any CPU
	EndGlobalSection
	GlobalSection(NestedProjects) = preSolution
		{DAFF00CA-D4AD-4594-82AB-B4F3765E3950} = {B868E027-D5B4-4044-8ED1-65CF79340C74}
		{77C3D212-5637-4658-81A3-64219BE9AA5E} = {B868E027-D5B4-4044-8ED1-65CF79340C74}
	EndGlobalSection
EndGlobal
